// !$*UTF8*$!
{
	archiveVersion = 1;
	classes = {
	};
	objectVersion = 63;
	objects = {

/* Begin PBXBuildFile section */
		0032A53DFD14E4E0A023CCBE /* Outfit-SemiBold.ttf in Resources */ = {isa = PBXBuildFile; fileRef = 6375DAA04ED5208DD78ED9A5 /* Outfit-SemiBold.ttf */; };
		0580EB6E23DCA68FC086DD73 /* StoreKit.framework in Frameworks */ = {isa = PBXBuildFile; fileRef = 013563507BF9FFC8136346AE /* StoreKit.framework */; };
		0B165C403B461A1294E12DF1 /* NightSocialVideoSurface.swift in Sources */ = {isa = PBXBuildFile; fileRef = DD5295F043954D83727C166E /* NightSocialVideoSurface.swift */; };
		16DFF564B5D39C778516B69B /* NightSocialSessionDrawer.swift in Sources */ = {isa = PBXBuildFile; fileRef = 3398D1AFEAAC6EC26A6E0E85 /* NightSocialSessionDrawer.swift */; };
		1AB67B9E95BA87CC2ADA6DCC /* OFL-Syne.txt in Resources */ = {isa = PBXBuildFile; fileRef = 549FCB70B0A45E2DAEB60286 /* OFL-Syne.txt */; };
		1BE6D7FA195C0846608E5BEA /* NightSocialChimeCallStage.swift in Sources */ = {isa = PBXBuildFile; fileRef = 34A32E68B2FCF9556F3EC044 /* NightSocialChimeCallStage.swift */; };
		1CBA8D93327339234A79E85F /* NightSocialCreatorDeskBoard.swift in Sources */ = {isa = PBXBuildFile; fileRef = 6F916FBB38B1FA2EEF7BE354 /* NightSocialCreatorDeskBoard.swift */; };
		1EED0ED74CC0DA8EEF6AD97D /* AfterglowWelcomeGateController.swift in Sources */ = {isa = PBXBuildFile; fileRef = 796021F432996DD9F5FA84DB /* AfterglowWelcomeGateController.swift */; };
		1F76CF42BDF8D0A29D6DC38D /* NightSocialWaveCatalog.swift in Sources */ = {isa = PBXBuildFile; fileRef = 90D8246EB408DF392941EBA7 /* NightSocialWaveCatalog.swift */; };
		202CC513C1B25EF98C96E82F /* Outfit-Medium.ttf in Resources */ = {isa = PBXBuildFile; fileRef = 4626E97C4603219252557755 /* Outfit-Medium.ttf */; };
		2551F6F7E6368E0C1D309B72 /* NightSocialClipTheater.swift in Sources */ = {isa = PBXBuildFile; fileRef = 1FC57DFC63D1183E846F02A1 /* NightSocialClipTheater.swift */; };
		2DFC5194F413487D8F6EEB09 /* NightSocialMirrorPerkBoards.swift in Sources */ = {isa = PBXBuildFile; fileRef = 0E8A99AA3D6794A10D8D1083 /* NightSocialMirrorPerkBoards.swift */; };
		31338D1299CBBC1610CA8E21 /* media-manifest.json in Resources */ = {isa = PBXBuildFile; fileRef = 8DF67A28A5D9F06758214721 /* media-manifest.json */; };
		34428289063AADEF523896C5 /* Outfit-Regular.ttf in Resources */ = {isa = PBXBuildFile; fileRef = B0D96B9AB63A3185FB799253 /* Outfit-Regular.ttf */; };
		39C8976D26EB65E227873E81 /* NightSocialSafetyFlow.swift in Sources */ = {isa = PBXBuildFile; fileRef = 77121ECE94DDCAB9D313105A /* NightSocialSafetyFlow.swift */; };
		42511E40827F4119C8936C4B /* NightSocialWaveVoiceStage.swift in Sources */ = {isa = PBXBuildFile; fileRef = B8E075B539E2BE2696B46B7D /* NightSocialWaveVoiceStage.swift */; };
		485B18E18E0AD5ECBE8485BA /* NightSocialLoungeFloorController.swift in Sources */ = {isa = PBXBuildFile; fileRef = 1BA6CC838B719B58C19A7A16 /* NightSocialLoungeFloorController.swift */; };
		4F5FFB7C386CF22F43557E08 /* Assets.xcassets in Resources */ = {isa = PBXBuildFile; fileRef = BFE1D2325A81167BE2F40BA5 /* Assets.xcassets */; };
		649BCDF98276C1378B7F32DE /* NightDeskReturnBoardController.swift in Sources */ = {isa = PBXBuildFile; fileRef = 51C669F4102D1E5D97177D63 /* NightDeskReturnBoardController.swift */; };
		67910D3EAF043AD6687CB507 /* NightSocialCrownBoard.swift in Sources */ = {isa = PBXBuildFile; fileRef = 9426BFCD6A27B8454231C965 /* NightSocialCrownBoard.swift */; };
		6C6142E4C9A1ED6AA43F884A /* pics in Resources */ = {isa = PBXBuildFile; fileRef = EA7072DD6E44B01D6B1ED542 /* pics */; };
		6D92FA7DBEB220535B037A30 /* NightSocialApplePassage.swift in Sources */ = {isa = PBXBuildFile; fileRef = 1606CD57E81BFB2DFE0AAD6B /* NightSocialApplePassage.swift */; };
		6D9C346740C474B8861B7606 /* Syne.ttf in Resources */ = {isa = PBXBuildFile; fileRef = 893F8E957B06FBE0AA32B19F /* Syne.ttf */; };
		703BBF68230CF089C4FD903C /* AfterglowSceneDelegate.swift in Sources */ = {isa = PBXBuildFile; fileRef = 4781EF185DF9D4E1B353AF34 /* AfterglowSceneDelegate.swift */; };
		774980DBE6F0973DBDD8B568 /* NightSocialChimeCatalog.swift in Sources */ = {isa = PBXBuildFile; fileRef = E6360D26E924EEAFAE355CB6 /* NightSocialChimeCatalog.swift */; };
		792255F648E079A9D5B79A90 /* PrivacyInfo.xcprivacy in Resources */ = {isa = PBXBuildFile; fileRef = BFEE740AEFCD6217FB8CEE7B /* PrivacyInfo.xcprivacy */; };
		7AE0F9F97B078586841D4265 /* NightSocialTributeTray.swift in Sources */ = {isa = PBXBuildFile; fileRef = 59D37CD53FCEF0D2B75517AF /* NightSocialTributeTray.swift */; };
		82BE2C04C797630824888EE4 /* NightSocialStageShellController.swift in Sources */ = {isa = PBXBuildFile; fileRef = B0EDDA9E8B5376544D439FC2 /* NightSocialStageShellController.swift */; };
		85AEA01C251560742970D087 /* AfterglowRootCoordinator.swift in Sources */ = {isa = PBXBuildFile; fileRef = 7B20114F0E3CFEA043A7C9D7 /* AfterglowRootCoordinator.swift */; };
		895167BA1DD33D127D2CA3F2 /* NightSocialMediaAssets.swift in Sources */ = {isa = PBXBuildFile; fileRef = 67FAD01949886FA48DBF91FE /* NightSocialMediaAssets.swift */; };
		8F00B7C52AA529989C97E13D /* NightSocialDeskGate.swift in Sources */ = {isa = PBXBuildFile; fileRef = 4EDCAB0CBDE8972A2B42DBC6 /* NightSocialDeskGate.swift */; };
		9D37F57D6D4E1D37E7B55089 /* OFL-Outfit.txt in Resources */ = {isa = PBXBuildFile; fileRef = 808A7E64A79E6FAC69A87B81 /* OFL-Outfit.txt */; };
		A0BAC62B3E51FE0EEF180703 /* NightSocialCovenantBar.swift in Sources */ = {isa = PBXBuildFile; fileRef = 5C291B4FA9FEE07CBEE38E0D /* NightSocialCovenantBar.swift */; };
		A243A2B4571A7E658E11117C /* NightSocialLoungeChrome.swift in Sources */ = {isa = PBXBuildFile; fileRef = 3672AAA2734844116C36F52F /* NightSocialLoungeChrome.swift */; };
		A2479C5B70D7CD658D12F081 /* NightSocialMotionLoaders.swift in Sources */ = {isa = PBXBuildFile; fileRef = C9982E70A4E36569DEB8AFDE /* NightSocialMotionLoaders.swift */; };
		A439769036DCB0344EEC83FC /* NightSocialChimeNoticeBoard.swift in Sources */ = {isa = PBXBuildFile; fileRef = 42196C00C1E2673242CFFD65 /* NightSocialChimeNoticeBoard.swift */; };
		A614EB9371D896D711A2FCA1 /* NightSocialHouseScroll.swift in Sources */ = {isa = PBXBuildFile; fileRef = 2EF9AF16DF3785D98A60635F /* NightSocialHouseScroll.swift */; };
		A62785921C7E5395F8B21E89 /* NightSocialLoungeCatalog.swift in Sources */ = {isa = PBXBuildFile; fileRef = 691A65EA80688D8563C5EB96 /* NightSocialLoungeCatalog.swift */; };
		A8C447524F7E738B08368824 /* NightSocialLiveBoothStage.swift in Sources */ = {isa = PBXBuildFile; fileRef = 4773F6F42923CF2EB56D1520 /* NightSocialLiveBoothStage.swift */; };
		AA87F2418A52548148CF21BC /* NightSocialWavePublishBoards.swift in Sources */ = {isa = PBXBuildFile; fileRef = A0B8B42503E809AF9F74CBC8 /* NightSocialWavePublishBoards.swift */; };
		AF28C76722E82AC9F3E00A0A /* NightSocialStageDock.swift in Sources */ = {isa = PBXBuildFile; fileRef = 74D61B0319A9A4B9DFC1DC54 /* NightSocialStageDock.swift */; };
		B050ACD0BA3067C46471EBB3 /* NightSocialLampStore.swift in Sources */ = {isa = PBXBuildFile; fileRef = 45732BDBD0FAEA11E2AF5183 /* NightSocialLampStore.swift */; };
		B14B6305B69288EFDE5B9B74 /* NightSocialLampNotices.swift in Sources */ = {isa = PBXBuildFile; fileRef = 181AB6BCB428DAEF10D4D515 /* NightSocialLampNotices.swift */; };
		B7609BAFE6FFCA909CF65503 /* NightSocialMirrorPeopleBoards.swift in Sources */ = {isa = PBXBuildFile; fileRef = B888E35DCF1E803592EBC0DA /* NightSocialMirrorPeopleBoards.swift */; };
		B7AF04750479962468F0ED26 /* NightSocialLookupBoard.swift in Sources */ = {isa = PBXBuildFile; fileRef = 04B86C0C5C066C7C704ED711 /* NightSocialLookupBoard.swift */; };
		B89A535D573541F787B9B8A1 /* AfterglowAppDelegate.swift in Sources */ = {isa = PBXBuildFile; fileRef = 061D3C7BF793019C60EB5B1A /* AfterglowAppDelegate.swift */; };
		BCD970943D36BB1CD09A8CD0 /* NightDeskEnrollmentBoardController.swift in Sources */ = {isa = PBXBuildFile; fileRef = F0EBDD0AA1B08E13F8982991 /* NightDeskEnrollmentBoardController.swift */; };
		C249A424AA84E1B0B64F3A33 /* videos in Resources */ = {isa = PBXBuildFile; fileRef = 58A2A769DC1E3CD0565310AB /* videos */; };
		C37691A84B4BD85FF711361C /* LaunchScreen.storyboard in Resources */ = {isa = PBXBuildFile; fileRef = 5D70AC5A12142BA77ECFA50C /* LaunchScreen.storyboard */; };
		D30BE776B7B19853C8C91841 /* NightSocialWaveStageController.swift in Sources */ = {isa = PBXBuildFile; fileRef = D70BE7158A9EBAC423D8A30D /* NightSocialWaveStageController.swift */; };
		D52D3EE8DCA0A17AD09B6403 /* NightSocialChimeThreadBoard.swift in Sources */ = {isa = PBXBuildFile; fileRef = 545CECB30CCA63B915251C7C /* NightSocialChimeThreadBoard.swift */; };
		D9D35F14C368F9CC7248C801 /* AfterHoursPalette.swift in Sources */ = {isa = PBXBuildFile; fileRef = B77FBAD4EA204A0B519D0290 /* AfterHoursPalette.swift */; };
		1F8A6C2D9E4B70C3A5D1829E /* NightSocialCopy.swift in Sources */ = {isa = PBXBuildFile; fileRef = C4E91A2B7D334F0A9C1E8B27 /* NightSocialCopy.swift */; };
		E0158B77B6735C30C7C0512E /* NightSocialPortraitIntake.swift in Sources */ = {isa = PBXBuildFile; fileRef = 51CE29552CE50EBCAC6C6384 /* NightSocialPortraitIntake.swift */; };
		E1162EA930A2493AD712AC50 /* NightSocialCommunityLampBoard.swift in Sources */ = {isa = PBXBuildFile; fileRef = 69B136EA75589026E0D3A88F /* NightSocialCommunityLampBoard.swift */; };
		E43B469CE260E4DEC1CED1D1 /* AfterglowLampClothController.swift in Sources */ = {isa = PBXBuildFile; fileRef = 4EA9BA05898CBE3E71F522DB /* AfterglowLampClothController.swift */; };
		E5A731F7B882165830E2DE8E /* NightSocialFoyerChrome.swift in Sources */ = {isa = PBXBuildFile; fileRef = 366A776F47330540629D034C /* NightSocialFoyerChrome.swift */; };
		E6B98895C9F060C2983BF6E9 /* NightSocialWaveSheets.swift in Sources */ = {isa = PBXBuildFile; fileRef = B01E40068B72F0EB0E2EC9DE /* NightSocialWaveSheets.swift */; };
		EB5F5F14567855F257E2C23C /* NightSocialChimeBoardController.swift in Sources */ = {isa = PBXBuildFile; fileRef = ECA36F82A6B403D5C79A1F27 /* NightSocialChimeBoardController.swift */; };
		EEE8DA4ABECFA9929D5A69AC /* NightSocialDeskCardController.swift in Sources */ = {isa = PBXBuildFile; fileRef = E357DD4C9E08C98681A89290 /* NightSocialDeskCardController.swift */; };
		EFEBAA0A116194D2A8D88B82 /* NightSocialDeskMirrorController.swift in Sources */ = {isa = PBXBuildFile; fileRef = 3BC0DAFEDC2449349A125223 /* NightSocialDeskMirrorController.swift */; };
		F0539A9DEE32219BD18B6060 /* NightSocialMirrorSettingsBoard.swift in Sources */ = {isa = PBXBuildFile; fileRef = 073639EFC2669F56ED9B4886 /* NightSocialMirrorSettingsBoard.swift */; };
		FF6441C160F4597E6C9131E8 /* NightSocialLoungeTiles.swift in Sources */ = {isa = PBXBuildFile; fileRef = 9EE7D173E6B3A290B794F309 /* NightSocialLoungeTiles.swift */; };
/* End PBXBuildFile section */

/* Begin PBXFileReference section */
		013563507BF9FFC8136346AE /* StoreKit.framework */ = {isa = PBXFileReference; lastKnownFileType = wrapper.framework; name = StoreKit.framework; path = System/Library/Frameworks/StoreKit.framework; sourceTree = SDKROOT; };
		04B86C0C5C066C7C704ED711 /* NightSocialLookupBoard.swift */ = {isa = PBXFileReference; lastKnownFileType = sourcecode.swift; path = NightSocialLookupBoard.swift; sourceTree = "<group>"; };
		061D3C7BF793019C60EB5B1A /* AfterglowAppDelegate.swift */ = {isa = PBXFileReference; lastKnownFileType = sourcecode.swift; path = AfterglowAppDelegate.swift; sourceTree = "<group>"; };
		073639EFC2669F56ED9B4886 /* NightSocialMirrorSettingsBoard.swift */ = {isa = PBXFileReference; lastKnownFileType = sourcecode.swift; path = NightSocialMirrorSettingsBoard.swift; sourceTree = "<group>"; };
		0E8A99AA3D6794A10D8D1083 /* NightSocialMirrorPerkBoards.swift */ = {isa = PBXFileReference; lastKnownFileType = sourcecode.swift; path = NightSocialMirrorPerkBoards.swift; sourceTree = "<group>"; };
		1606CD57E81BFB2DFE0AAD6B /* NightSocialApplePassage.swift */ = {isa = PBXFileReference; lastKnownFileType = sourcecode.swift; path = NightSocialApplePassage.swift; sourceTree = "<group>"; };
		181AB6BCB428DAEF10D4D515 /* NightSocialLampNotices.swift */ = {isa = PBXFileReference; lastKnownFileType = sourcecode.swift; path = NightSocialLampNotices.swift; sourceTree = "<group>"; };
		1BA6CC838B719B58C19A7A16 /* NightSocialLoungeFloorController.swift */ = {isa = PBXFileReference; lastKnownFileType = sourcecode.swift; path = NightSocialLoungeFloorController.swift; sourceTree = "<group>"; };
		1FC57DFC63D1183E846F02A1 /* NightSocialClipTheater.swift */ = {isa = PBXFileReference; lastKnownFileType = sourcecode.swift; path = NightSocialClipTheater.swift; sourceTree = "<group>"; };
		2EF9AF16DF3785D98A60635F /* NightSocialHouseScroll.swift */ = {isa = PBXFileReference; lastKnownFileType = sourcecode.swift; path = NightSocialHouseScroll.swift; sourceTree = "<group>"; };
		3398D1AFEAAC6EC26A6E0E85 /* NightSocialSessionDrawer.swift */ = {isa = PBXFileReference; lastKnownFileType = sourcecode.swift; path = NightSocialSessionDrawer.swift; sourceTree = "<group>"; };
		34A32E68B2FCF9556F3EC044 /* NightSocialChimeCallStage.swift */ = {isa = PBXFileReference; lastKnownFileType = sourcecode.swift; path = NightSocialChimeCallStage.swift; sourceTree = "<group>"; };
		366A776F47330540629D034C /* NightSocialFoyerChrome.swift */ = {isa = PBXFileReference; lastKnownFileType = sourcecode.swift; path = NightSocialFoyerChrome.swift; sourceTree = "<group>"; };
		3672AAA2734844116C36F52F /* NightSocialLoungeChrome.swift */ = {isa = PBXFileReference; lastKnownFileType = sourcecode.swift; path = NightSocialLoungeChrome.swift; sourceTree = "<group>"; };
		3A2434E28BF225CA9C3358F6 /* NightChat.app */ = {isa = PBXFileReference; explicitFileType = wrapper.application; includeInIndex = 0; path = NightChat.app; sourceTree = BUILT_PRODUCTS_DIR; };
		3A943A1BA782186A14044104 /* Info.plist */ = {isa = PBXFileReference; lastKnownFileType = text.plist; path = Info.plist; sourceTree = "<group>"; };
		3BC0DAFEDC2449349A125223 /* NightSocialDeskMirrorController.swift */ = {isa = PBXFileReference; lastKnownFileType = sourcecode.swift; path = NightSocialDeskMirrorController.swift; sourceTree = "<group>"; };
		42196C00C1E2673242CFFD65 /* NightSocialChimeNoticeBoard.swift */ = {isa = PBXFileReference; lastKnownFileType = sourcecode.swift; path = NightSocialChimeNoticeBoard.swift; sourceTree = "<group>"; };
		45732BDBD0FAEA11E2AF5183 /* NightSocialLampStore.swift */ = {isa = PBXFileReference; lastKnownFileType = sourcecode.swift; path = NightSocialLampStore.swift; sourceTree = "<group>"; };
		4626E97C4603219252557755 /* Outfit-Medium.ttf */ = {isa = PBXFileReference; lastKnownFileType = file; path = "Outfit-Medium.ttf"; sourceTree = "<group>"; };
		46E7869251CABAB0A1D2B9C2 /* NightChat.entitlements */ = {isa = PBXFileReference; lastKnownFileType = text.plist.entitlements; path = NightChat.entitlements; sourceTree = "<group>"; };
		4773F6F42923CF2EB56D1520 /* NightSocialLiveBoothStage.swift */ = {isa = PBXFileReference; lastKnownFileType = sourcecode.swift; path = NightSocialLiveBoothStage.swift; sourceTree = "<group>"; };
		4781EF185DF9D4E1B353AF34 /* AfterglowSceneDelegate.swift */ = {isa = PBXFileReference; lastKnownFileType = sourcecode.swift; path = AfterglowSceneDelegate.swift; sourceTree = "<group>"; };
		4EA9BA05898CBE3E71F522DB /* AfterglowLampClothController.swift */ = {isa = PBXFileReference; lastKnownFileType = sourcecode.swift; path = AfterglowLampClothController.swift; sourceTree = "<group>"; };
		4EDCAB0CBDE8972A2B42DBC6 /* NightSocialDeskGate.swift */ = {isa = PBXFileReference; lastKnownFileType = sourcecode.swift; path = NightSocialDeskGate.swift; sourceTree = "<group>"; };
		51C669F4102D1E5D97177D63 /* NightDeskReturnBoardController.swift */ = {isa = PBXFileReference; lastKnownFileType = sourcecode.swift; path = NightDeskReturnBoardController.swift; sourceTree = "<group>"; };
		51CE29552CE50EBCAC6C6384 /* NightSocialPortraitIntake.swift */ = {isa = PBXFileReference; lastKnownFileType = sourcecode.swift; path = NightSocialPortraitIntake.swift; sourceTree = "<group>"; };
		545CECB30CCA63B915251C7C /* NightSocialChimeThreadBoard.swift */ = {isa = PBXFileReference; lastKnownFileType = sourcecode.swift; path = NightSocialChimeThreadBoard.swift; sourceTree = "<group>"; };
		549FCB70B0A45E2DAEB60286 /* OFL-Syne.txt */ = {isa = PBXFileReference; lastKnownFileType = text; path = "OFL-Syne.txt"; sourceTree = "<group>"; };
		58A2A769DC1E3CD0565310AB /* videos */ = {isa = PBXFileReference; lastKnownFileType = folder; name = videos; path = assets/videos; sourceTree = SOURCE_ROOT; };
		59D37CD53FCEF0D2B75517AF /* NightSocialTributeTray.swift */ = {isa = PBXFileReference; lastKnownFileType = sourcecode.swift; path = NightSocialTributeTray.swift; sourceTree = "<group>"; };
		5C291B4FA9FEE07CBEE38E0D /* NightSocialCovenantBar.swift */ = {isa = PBXFileReference; lastKnownFileType = sourcecode.swift; path = NightSocialCovenantBar.swift; sourceTree = "<group>"; };
		6375DAA04ED5208DD78ED9A5 /* Outfit-SemiBold.ttf */ = {isa = PBXFileReference; lastKnownFileType = file; path = "Outfit-SemiBold.ttf"; sourceTree = "<group>"; };
		67FAD01949886FA48DBF91FE /* NightSocialMediaAssets.swift */ = {isa = PBXFileReference; lastKnownFileType = sourcecode.swift; path = NightSocialMediaAssets.swift; sourceTree = "<group>"; };
		691A65EA80688D8563C5EB96 /* NightSocialLoungeCatalog.swift */ = {isa = PBXFileReference; lastKnownFileType = sourcecode.swift; path = NightSocialLoungeCatalog.swift; sourceTree = "<group>"; };
		69B136EA75589026E0D3A88F /* NightSocialCommunityLampBoard.swift */ = {isa = PBXFileReference; lastKnownFileType = sourcecode.swift; path = NightSocialCommunityLampBoard.swift; sourceTree = "<group>"; };
		6F916FBB38B1FA2EEF7BE354 /* NightSocialCreatorDeskBoard.swift */ = {isa = PBXFileReference; lastKnownFileType = sourcecode.swift; path = NightSocialCreatorDeskBoard.swift; sourceTree = "<group>"; };
		74D61B0319A9A4B9DFC1DC54 /* NightSocialStageDock.swift */ = {isa = PBXFileReference; lastKnownFileType = sourcecode.swift; path = NightSocialStageDock.swift; sourceTree = "<group>"; };
		77121ECE94DDCAB9D313105A /* NightSocialSafetyFlow.swift */ = {isa = PBXFileReference; lastKnownFileType = sourcecode.swift; path = NightSocialSafetyFlow.swift; sourceTree = "<group>"; };
		796021F432996DD9F5FA84DB /* AfterglowWelcomeGateController.swift */ = {isa = PBXFileReference; lastKnownFileType = sourcecode.swift; path = AfterglowWelcomeGateController.swift; sourceTree = "<group>"; };
		7B20114F0E3CFEA043A7C9D7 /* AfterglowRootCoordinator.swift */ = {isa = PBXFileReference; lastKnownFileType = sourcecode.swift; path = AfterglowRootCoordinator.swift; sourceTree = "<group>"; };
		808A7E64A79E6FAC69A87B81 /* OFL-Outfit.txt */ = {isa = PBXFileReference; lastKnownFileType = text; path = "OFL-Outfit.txt"; sourceTree = "<group>"; };
		893F8E957B06FBE0AA32B19F /* Syne.ttf */ = {isa = PBXFileReference; lastKnownFileType = file; path = Syne.ttf; sourceTree = "<group>"; };
		8DF67A28A5D9F06758214721 /* media-manifest.json */ = {isa = PBXFileReference; lastKnownFileType = text.json; path = "media-manifest.json"; sourceTree = "<group>"; };
		90D8246EB408DF392941EBA7 /* NightSocialWaveCatalog.swift */ = {isa = PBXFileReference; lastKnownFileType = sourcecode.swift; path = NightSocialWaveCatalog.swift; sourceTree = "<group>"; };
		9426BFCD6A27B8454231C965 /* NightSocialCrownBoard.swift */ = {isa = PBXFileReference; lastKnownFileType = sourcecode.swift; path = NightSocialCrownBoard.swift; sourceTree = "<group>"; };
		9EE7D173E6B3A290B794F309 /* NightSocialLoungeTiles.swift */ = {isa = PBXFileReference; lastKnownFileType = sourcecode.swift; path = NightSocialLoungeTiles.swift; sourceTree = "<group>"; };
		A0B8B42503E809AF9F74CBC8 /* NightSocialWavePublishBoards.swift */ = {isa = PBXFileReference; lastKnownFileType = sourcecode.swift; path = NightSocialWavePublishBoards.swift; sourceTree = "<group>"; };
		B01E40068B72F0EB0E2EC9DE /* NightSocialWaveSheets.swift */ = {isa = PBXFileReference; lastKnownFileType = sourcecode.swift; path = NightSocialWaveSheets.swift; sourceTree = "<group>"; };
		B0D96B9AB63A3185FB799253 /* Outfit-Regular.ttf */ = {isa = PBXFileReference; lastKnownFileType = file; path = "Outfit-Regular.ttf"; sourceTree = "<group>"; };
		B0EDDA9E8B5376544D439FC2 /* NightSocialStageShellController.swift */ = {isa = PBXFileReference; lastKnownFileType = sourcecode.swift; path = NightSocialStageShellController.swift; sourceTree = "<group>"; };
		B77FBAD4EA204A0B519D0290 /* AfterHoursPalette.swift */ = {isa = PBXFileReference; lastKnownFileType = sourcecode.swift; path = AfterHoursPalette.swift; sourceTree = "<group>"; };
		C4E91A2B7D334F0A9C1E8B27 /* NightSocialCopy.swift */ = {isa = PBXFileReference; lastKnownFileType = sourcecode.swift; path = NightSocialCopy.swift; sourceTree = "<group>"; };
		B888E35DCF1E803592EBC0DA /* NightSocialMirrorPeopleBoards.swift */ = {isa = PBXFileReference; lastKnownFileType = sourcecode.swift; path = NightSocialMirrorPeopleBoards.swift; sourceTree = "<group>"; };
		B8E075B539E2BE2696B46B7D /* NightSocialWaveVoiceStage.swift */ = {isa = PBXFileReference; lastKnownFileType = sourcecode.swift; path = NightSocialWaveVoiceStage.swift; sourceTree = "<group>"; };
		BFE1D2325A81167BE2F40BA5 /* Assets.xcassets */ = {isa = PBXFileReference; lastKnownFileType = folder.assetcatalog; path = Assets.xcassets; sourceTree = "<group>"; };
		BFEE740AEFCD6217FB8CEE7B /* PrivacyInfo.xcprivacy */ = {isa = PBXFileReference; lastKnownFileType = text.xml; path = PrivacyInfo.xcprivacy; sourceTree = "<group>"; };
		C9982E70A4E36569DEB8AFDE /* NightSocialMotionLoaders.swift */ = {isa = PBXFileReference; lastKnownFileType = sourcecode.swift; path = NightSocialMotionLoaders.swift; sourceTree = "<group>"; };
		CFEA01497A4BCF69815FB659 /* Base */ = {isa = PBXFileReference; lastKnownFileType = file.storyboard; name = Base; path = Base.lproj/LaunchScreen.storyboard; sourceTree = "<group>"; };
		D70BE7158A9EBAC423D8A30D /* NightSocialWaveStageController.swift */ = {isa = PBXFileReference; lastKnownFileType = sourcecode.swift; path = NightSocialWaveStageController.swift; sourceTree = "<group>"; };
		DD5295F043954D83727C166E /* NightSocialVideoSurface.swift */ = {isa = PBXFileReference; lastKnownFileType = sourcecode.swift; path = NightSocialVideoSurface.swift; sourceTree = "<group>"; };
		E357DD4C9E08C98681A89290 /* NightSocialDeskCardController.swift */ = {isa = PBXFileReference; lastKnownFileType = sourcecode.swift; path = NightSocialDeskCardController.swift; sourceTree = "<group>"; };
		E6360D26E924EEAFAE355CB6 /* NightSocialChimeCatalog.swift */ = {isa = PBXFileReference; lastKnownFileType = sourcecode.swift; path = NightSocialChimeCatalog.swift; sourceTree = "<group>"; };
		EA7072DD6E44B01D6B1ED542 /* pics */ = {isa = PBXFileReference; lastKnownFileType = folder; name = pics; path = assets/pics; sourceTree = SOURCE_ROOT; };
		ECA36F82A6B403D5C79A1F27 /* NightSocialChimeBoardController.swift */ = {isa = PBXFileReference; lastKnownFileType = sourcecode.swift; path = NightSocialChimeBoardController.swift; sourceTree = "<group>"; };
		F0EBDD0AA1B08E13F8982991 /* NightDeskEnrollmentBoardController.swift */ = {isa = PBXFileReference; lastKnownFileType = sourcecode.swift; path = NightDeskEnrollmentBoardController.swift; sourceTree = "<group>"; };
/* End PBXFileReference section */

/* Begin PBXFrameworksBuildPhase section */
		9A3E7E17A8E121F80D1C6949 /* Frameworks */ = {
			isa = PBXFrameworksBuildPhase;
			buildActionMask = 2147483647;
			files = (
				0580EB6E23DCA68FC086DD73 /* StoreKit.framework in Frameworks */,
			);
			runOnlyForDeploymentPostprocessing = 0;
		};
/* End PBXFrameworksBuildPhase section */

/* Begin PBXGroup section */
		016F09F2D0543EE74512B1A9 /* assets */ = {
			isa = PBXGroup;
			children = (
				EA7072DD6E44B01D6B1ED542 /* pics */,
				58A2A769DC1E3CD0565310AB /* videos */,
			);
			path = assets;
			sourceTree = "<group>";
		};
		141DD1148444064ADF10C8D4 /* Fonts */ = {
			isa = PBXGroup;
			children = (
				808A7E64A79E6FAC69A87B81 /* OFL-Outfit.txt */,
				549FCB70B0A45E2DAEB60286 /* OFL-Syne.txt */,
				4626E97C4603219252557755 /* Outfit-Medium.ttf */,
				B0D96B9AB63A3185FB799253 /* Outfit-Regular.ttf */,
				6375DAA04ED5208DD78ED9A5 /* Outfit-SemiBold.ttf */,
				893F8E957B06FBE0AA32B19F /* Syne.ttf */,
			);
			path = Fonts;
			sourceTree = "<group>";
		};
		2B9CF75842B80FC02FE46749 /* AfterglowBootstrap */ = {
			isa = PBXGroup;
			children = (
				061D3C7BF793019C60EB5B1A /* AfterglowAppDelegate.swift */,
				4781EF185DF9D4E1B353AF34 /* AfterglowSceneDelegate.swift */,
			);
			path = AfterglowBootstrap;
			sourceTree = "<group>";
		};
		329B51271219DDAA1E479582 /* NightSocialChime */ = {
			isa = PBXGroup;
			children = (
				ECA36F82A6B403D5C79A1F27 /* NightSocialChimeBoardController.swift */,
				34A32E68B2FCF9556F3EC044 /* NightSocialChimeCallStage.swift */,
				E6360D26E924EEAFAE355CB6 /* NightSocialChimeCatalog.swift */,
				42196C00C1E2673242CFFD65 /* NightSocialChimeNoticeBoard.swift */,
				545CECB30CCA63B915251C7C /* NightSocialChimeThreadBoard.swift */,
			);
			path = NightSocialChime;
			sourceTree = "<group>";
		};
		42D8D929BF7E95B0EA44265C = {
			isa = PBXGroup;
			children = (
				B49D8774FEAAB5A82915AB7F /* AfterglowKeep */,
				016F09F2D0543EE74512B1A9 /* assets */,
				5CD5BF5EA0A281CDD1640B7A /* Frameworks */,
				44EDF0746361559C19044E60 /* Products */,
			);
			sourceTree = "<group>";
		};
		44EDF0746361559C19044E60 /* Products */ = {
			isa = PBXGroup;
			children = (
				3A2434E28BF225CA9C3358F6 /* NightChat.app */,
			);
			name = Products;
			sourceTree = "<group>";
		};
		56D3DDA2EEDA9BE0FE2E648A /* NightSocialMirror */ = {
			isa = PBXGroup;
			children = (
				69B136EA75589026E0D3A88F /* NightSocialCommunityLampBoard.swift */,
				3BC0DAFEDC2449349A125223 /* NightSocialDeskMirrorController.swift */,
				B888E35DCF1E803592EBC0DA /* NightSocialMirrorPeopleBoards.swift */,
				0E8A99AA3D6794A10D8D1083 /* NightSocialMirrorPerkBoards.swift */,
				073639EFC2669F56ED9B4886 /* NightSocialMirrorSettingsBoard.swift */,
			);
			path = NightSocialMirror;
			sourceTree = "<group>";
		};
		5CD5BF5EA0A281CDD1640B7A /* Frameworks */ = {
			isa = PBXGroup;
			children = (
				013563507BF9FFC8136346AE /* StoreKit.framework */,
			);
			name = Frameworks;
			sourceTree = "<group>";
		};
		626187FAB66EBA2D2AD119FA /* NightSocialWave */ = {
			isa = PBXGroup;
			children = (
				90D8246EB408DF392941EBA7 /* NightSocialWaveCatalog.swift */,
				A0B8B42503E809AF9F74CBC8 /* NightSocialWavePublishBoards.swift */,
				B01E40068B72F0EB0E2EC9DE /* NightSocialWaveSheets.swift */,
				D70BE7158A9EBAC423D8A30D /* NightSocialWaveStageController.swift */,
				B8E075B539E2BE2696B46B7D /* NightSocialWaveVoiceStage.swift */,
			);
			path = NightSocialWave;
			sourceTree = "<group>";
		};
		65C4C093093915C955867F61 /* AfterglowRoot */ = {
			isa = PBXGroup;
			children = (
				4EA9BA05898CBE3E71F522DB /* AfterglowLampClothController.swift */,
				7B20114F0E3CFEA043A7C9D7 /* AfterglowRootCoordinator.swift */,
			);
			path = AfterglowRoot;
			sourceTree = "<group>";
		};
		6D5D60C92E4C1ACD228EF1DD /* AfterHoursLook */ = {
			isa = PBXGroup;
			children = (
				B77FBAD4EA204A0B519D0290 /* AfterHoursPalette.swift */,
				C4E91A2B7D334F0A9C1E8B27 /* NightSocialCopy.swift */,
				67FAD01949886FA48DBF91FE /* NightSocialMediaAssets.swift */,
				141DD1148444064ADF10C8D4 /* Fonts */,
			);
			path = AfterHoursLook;
			sourceTree = "<group>";
		};
		81EA031402701557354B6C01 /* NightSocialFoyer */ = {
			isa = PBXGroup;
			children = (
				796021F432996DD9F5FA84DB /* AfterglowWelcomeGateController.swift */,
				F0EBDD0AA1B08E13F8982991 /* NightDeskEnrollmentBoardController.swift */,
				51C669F4102D1E5D97177D63 /* NightDeskReturnBoardController.swift */,
				1606CD57E81BFB2DFE0AAD6B /* NightSocialApplePassage.swift */,
				5C291B4FA9FEE07CBEE38E0D /* NightSocialCovenantBar.swift */,
				E357DD4C9E08C98681A89290 /* NightSocialDeskCardController.swift */,
				366A776F47330540629D034C /* NightSocialFoyerChrome.swift */,
				2EF9AF16DF3785D98A60635F /* NightSocialHouseScroll.swift */,
				45732BDBD0FAEA11E2AF5183 /* NightSocialLampStore.swift */,
				C9982E70A4E36569DEB8AFDE /* NightSocialMotionLoaders.swift */,
				51CE29552CE50EBCAC6C6384 /* NightSocialPortraitIntake.swift */,
				3398D1AFEAAC6EC26A6E0E85 /* NightSocialSessionDrawer.swift */,
			);
			path = NightSocialFoyer;
			sourceTree = "<group>";
		};
		B49D8774FEAAB5A82915AB7F /* AfterglowKeep */ = {
			isa = PBXGroup;
			children = (
				BFE1D2325A81167BE2F40BA5 /* Assets.xcassets */,
				3A943A1BA782186A14044104 /* Info.plist */,
				5D70AC5A12142BA77ECFA50C /* LaunchScreen.storyboard */,
				46E7869251CABAB0A1D2B9C2 /* NightChat.entitlements */,
				BFEE740AEFCD6217FB8CEE7B /* PrivacyInfo.xcprivacy */,
				2B9CF75842B80FC02FE46749 /* AfterglowBootstrap */,
				65C4C093093915C955867F61 /* AfterglowRoot */,
				6D5D60C92E4C1ACD228EF1DD /* AfterHoursLook */,
				329B51271219DDAA1E479582 /* NightSocialChime */,
				81EA031402701557354B6C01 /* NightSocialFoyer */,
				DB0A29E2810E53BE603D4041 /* NightSocialLounge */,
				F62EC74BFFAD3D740F803C73 /* NightSocialMedia */,
				56D3DDA2EEDA9BE0FE2E648A /* NightSocialMirror */,
				FD7D2C3A6A2880CB16D30AB8 /* NightSocialStageShell */,
				626187FAB66EBA2D2AD119FA /* NightSocialWave */,
			);
			path = AfterglowKeep;
			sourceTree = "<group>";
		};
		DB0A29E2810E53BE603D4041 /* NightSocialLounge */ = {
			isa = PBXGroup;
			children = (
				1FC57DFC63D1183E846F02A1 /* NightSocialClipTheater.swift */,
				6F916FBB38B1FA2EEF7BE354 /* NightSocialCreatorDeskBoard.swift */,
				9426BFCD6A27B8454231C965 /* NightSocialCrownBoard.swift */,
				4EDCAB0CBDE8972A2B42DBC6 /* NightSocialDeskGate.swift */,
				181AB6BCB428DAEF10D4D515 /* NightSocialLampNotices.swift */,
				4773F6F42923CF2EB56D1520 /* NightSocialLiveBoothStage.swift */,
				04B86C0C5C066C7C704ED711 /* NightSocialLookupBoard.swift */,
				691A65EA80688D8563C5EB96 /* NightSocialLoungeCatalog.swift */,
				3672AAA2734844116C36F52F /* NightSocialLoungeChrome.swift */,
				1BA6CC838B719B58C19A7A16 /* NightSocialLoungeFloorController.swift */,
				9EE7D173E6B3A290B794F309 /* NightSocialLoungeTiles.swift */,
				77121ECE94DDCAB9D313105A /* NightSocialSafetyFlow.swift */,
				59D37CD53FCEF0D2B75517AF /* NightSocialTributeTray.swift */,
			);
			path = NightSocialLounge;
			sourceTree = "<group>";
		};
		F62EC74BFFAD3D740F803C73 /* NightSocialMedia */ = {
			isa = PBXGroup;
			children = (
				8DF67A28A5D9F06758214721 /* media-manifest.json */,
				DD5295F043954D83727C166E /* NightSocialVideoSurface.swift */,
			);
			path = NightSocialMedia;
			sourceTree = "<group>";
		};
		FD7D2C3A6A2880CB16D30AB8 /* NightSocialStageShell */ = {
			isa = PBXGroup;
			children = (
				74D61B0319A9A4B9DFC1DC54 /* NightSocialStageDock.swift */,
				B0EDDA9E8B5376544D439FC2 /* NightSocialStageShellController.swift */,
			);
			path = NightSocialStageShell;
			sourceTree = "<group>";
		};
/* End PBXGroup section */

/* Begin PBXNativeTarget section */
		E47EDA8DA780B9479DE4494F /* NightChat */ = {
			isa = PBXNativeTarget;
			buildConfigurationList = 61B1542E5CE160CB477EE986 /* Build configuration list for PBXNativeTarget "NightChat" */;
			buildPhases = (
				9319D4002193D217BDD5E01D /* Sources */,
				C39A8C1DE3CAB8C4AFAD3210 /* Resources */,
				9A3E7E17A8E121F80D1C6949 /* Frameworks */,
			);
			buildRules = (
			);
			dependencies = (
			);
			name = NightChat;
			packageProductDependencies = (
			);
			productName = NightChat;
			productReference = 3A2434E28BF225CA9C3358F6 /* NightChat.app */;
			productType = "com.apple.product-type.application";
		};
/* End PBXNativeTarget section */

/* Begin PBXProject section */
		5A840C65A01628F4DEEFE25C /* Project object */ = {
			isa = PBXProject;
			attributes = {
				BuildIndependentTargetsInParallel = YES;
				LastUpgradeCheck = 2660;
				TargetAttributes = {
					E47EDA8DA780B9479DE4494F = {
						DevelopmentTeam = JPTS6M4T5B;
					};
				};
			};
			buildConfigurationList = AE4C8C3562458E938F04D38F /* Build configuration list for PBXProject "NightChat" */;
			compatibilityVersion = "Xcode 14.0";
			developmentRegion = en;
			hasScannedForEncodings = 0;
			knownRegions = (
				Base,
				en,
			);
			mainGroup = 42D8D929BF7E95B0EA44265C;
			minimizedProjectReferenceProxies = 1;
			projectDirPath = "";
			projectRoot = "";
			targets = (
				E47EDA8DA780B9479DE4494F /* NightChat */,
			);
		};
/* End PBXProject section */

/* Begin PBXResourcesBuildPhase section */
		C39A8C1DE3CAB8C4AFAD3210 /* Resources */ = {
			isa = PBXResourcesBuildPhase;
			buildActionMask = 2147483647;
			files = (
				4F5FFB7C386CF22F43557E08 /* Assets.xcassets in Resources */,
				C37691A84B4BD85FF711361C /* LaunchScreen.storyboard in Resources */,
				9D37F57D6D4E1D37E7B55089 /* OFL-Outfit.txt in Resources */,
				202CC513C1B25EF98C96E82F /* Outfit-Medium.ttf in Resources */,
				34428289063AADEF523896C5 /* Outfit-Regular.ttf in Resources */,
				0032A53DFD14E4E0A023CCBE /* Outfit-SemiBold.ttf in Resources */,
				792255F648E079A9D5B79A90 /* PrivacyInfo.xcprivacy in Resources */,

				31338D1299CBBC1610CA8E21 /* media-manifest.json in Resources */,
				6C6142E4C9A1ED6AA43F884A /* pics in Resources */,
				C249A424AA84E1B0B64F3A33 /* videos in Resources */,
			);
			runOnlyForDeploymentPostprocessing = 0;
		};
/* End PBXResourcesBuildPhase section */

/* Begin PBXSourcesBuildPhase section */
		9319D4002193D217BDD5E01D /* Sources */ = {
			isa = PBXSourcesBuildPhase;
			buildActionMask = 2147483647;
			files = (
				D9D35F14C368F9CC7248C801 /* AfterHoursPalette.swift in Sources */,
				1F8A6C2D9E4B70C3A5D1829E /* NightSocialCopy.swift in Sources */,
				B89A535D573541F787B9B8A1 /* AfterglowAppDelegate.swift in Sources */,
				E43B469CE260E4DEC1CED1D1 /* AfterglowLampClothController.swift in Sources */,
				85AEA01C251560742970D087 /* AfterglowRootCoordinator.swift in Sources */,
				703BBF68230CF089C4FD903C /* AfterglowSceneDelegate.swift in Sources */,
				1EED0ED74CC0DA8EEF6AD97D /* AfterglowWelcomeGateController.swift in Sources */,
				BCD970943D36BB1CD09A8CD0 /* NightDeskEnrollmentBoardController.swift in Sources */,
				649BCDF98276C1378B7F32DE /* NightDeskReturnBoardController.swift in Sources */,
				6D92FA7DBEB220535B037A30 /* NightSocialApplePassage.swift in Sources */,
				EB5F5F14567855F257E2C23C /* NightSocialChimeBoardController.swift in Sources */,
				1BE6D7FA195C0846608E5BEA /* NightSocialChimeCallStage.swift in Sources */,
				774980DBE6F0973DBDD8B568 /* NightSocialChimeCatalog.swift in Sources */,
				A439769036DCB0344EEC83FC /* NightSocialChimeNoticeBoard.swift in Sources */,
				D52D3EE8DCA0A17AD09B6403 /* NightSocialChimeThreadBoard.swift in Sources */,
				2551F6F7E6368E0C1D309B72 /* NightSocialClipTheater.swift in Sources */,
				E1162EA930A2493AD712AC50 /* NightSocialCommunityLampBoard.swift in Sources */,
				A0BAC62B3E51FE0EEF180703 /* NightSocialCovenantBar.swift in Sources */,
				1CBA8D93327339234A79E85F /* NightSocialCreatorDeskBoard.swift in Sources */,
				67910D3EAF043AD6687CB507 /* NightSocialCrownBoard.swift in Sources */,
				EEE8DA4ABECFA9929D5A69AC /* NightSocialDeskCardController.swift in Sources */,
				8F00B7C52AA529989C97E13D /* NightSocialDeskGate.swift in Sources */,
				EFEBAA0A116194D2A8D88B82 /* NightSocialDeskMirrorController.swift in Sources */,
				E5A731F7B882165830E2DE8E /* NightSocialFoyerChrome.swift in Sources */,
				A614EB9371D896D711A2FCA1 /* NightSocialHouseScroll.swift in Sources */,
				B14B6305B69288EFDE5B9B74 /* NightSocialLampNotices.swift in Sources */,
				B050ACD0BA3067C46471EBB3 /* NightSocialLampStore.swift in Sources */,
				A8C447524F7E738B08368824 /* NightSocialLiveBoothStage.swift in Sources */,
				B7AF04750479962468F0ED26 /* NightSocialLookupBoard.swift in Sources */,
				A62785921C7E5395F8B21E89 /* NightSocialLoungeCatalog.swift in Sources */,
				A243A2B4571A7E658E11117C /* NightSocialLoungeChrome.swift in Sources */,
				485B18E18E0AD5ECBE8485BA /* NightSocialLoungeFloorController.swift in Sources */,
				FF6441C160F4597E6C9131E8 /* NightSocialLoungeTiles.swift in Sources */,
				895167BA1DD33D127D2CA3F2 /* NightSocialMediaAssets.swift in Sources */,
				B7609BAFE6FFCA909CF65503 /* NightSocialMirrorPeopleBoards.swift in Sources */,
				2DFC5194F413487D8F6EEB09 /* NightSocialMirrorPerkBoards.swift in Sources */,
				F0539A9DEE32219BD18B6060 /* NightSocialMirrorSettingsBoard.swift in Sources */,
				A2479C5B70D7CD658D12F081 /* NightSocialMotionLoaders.swift in Sources */,
				E0158B77B6735C30C7C0512E /* NightSocialPortraitIntake.swift in Sources */,
				39C8976D26EB65E227873E81 /* NightSocialSafetyFlow.swift in Sources */,
				16DFF564B5D39C778516B69B /* NightSocialSessionDrawer.swift in Sources */,
				AF28C76722E82AC9F3E00A0A /* NightSocialStageDock.swift in Sources */,
				82BE2C04C797630824888EE4 /* NightSocialStageShellController.swift in Sources */,
				7AE0F9F97B078586841D4265 /* NightSocialTributeTray.swift in Sources */,
				0B165C403B461A1294E12DF1 /* NightSocialVideoSurface.swift in Sources */,
				1F76CF42BDF8D0A29D6DC38D /* NightSocialWaveCatalog.swift in Sources */,
				AA87F2418A52548148CF21BC /* NightSocialWavePublishBoards.swift in Sources */,
				E6B98895C9F060C2983BF6E9 /* NightSocialWaveSheets.swift in Sources */,
				D30BE776B7B19853C8C91841 /* NightSocialWaveStageController.swift in Sources */,
				42511E40827F4119C8936C4B /* NightSocialWaveVoiceStage.swift in Sources */,
			);
			runOnlyForDeploymentPostprocessing = 0;
		};
/* End PBXSourcesBuildPhase section */

/* Begin PBXVariantGroup section */
		5D70AC5A12142BA77ECFA50C /* LaunchScreen.storyboard */ = {
			isa = PBXVariantGroup;
			children = (
				CFEA01497A4BCF69815FB659 /* Base */,
			);
			name = LaunchScreen.storyboard;
			sourceTree = "<group>";
		};
/* End PBXVariantGroup section */

/* Begin XCBuildConfiguration section */
		18D041C046E75AC66E922F63 /* Debug */ = {
			isa = XCBuildConfiguration;
			buildSettings = {
				ALWAYS_SEARCH_USER_PATHS = NO;
				CLANG_ANALYZER_NONNULL = YES;
				CLANG_ANALYZER_NUMBER_OBJECT_CONVERSION = YES_AGGRESSIVE;
				CLANG_CXX_LANGUAGE_STANDARD = "gnu++14";
				CLANG_CXX_LIBRARY = "libc++";
				CLANG_ENABLE_MODULES = YES;
				CLANG_ENABLE_OBJC_ARC = YES;
				CLANG_ENABLE_OBJC_WEAK = YES;
				CLANG_WARN_BLOCK_CAPTURE_AUTORELEASING = YES;
				CLANG_WARN_BOOL_CONVERSION = YES;
				CLANG_WARN_COMMA = YES;
				CLANG_WARN_CONSTANT_CONVERSION = YES;
				CLANG_WARN_DEPRECATED_OBJC_IMPLEMENTATIONS = YES;
				CLANG_WARN_DIRECT_OBJC_ISA_USAGE = YES_ERROR;
				CLANG_WARN_DOCUMENTATION_COMMENTS = YES;
				CLANG_WARN_EMPTY_BODY = YES;
				CLANG_WARN_ENUM_CONVERSION = YES;
				CLANG_WARN_INFINITE_RECURSION = YES;
				CLANG_WARN_INT_CONVERSION = YES;
				CLANG_WARN_NON_LITERAL_NULL_CONVERSION = YES;
				CLANG_WARN_OBJC_IMPLICIT_RETAIN_SELF = YES;
				CLANG_WARN_OBJC_LITERAL_CONVERSION = YES;
				CLANG_WARN_OBJC_ROOT_CLASS = YES_ERROR;
				CLANG_WARN_QUOTED_INCLUDE_IN_FRAMEWORK_HEADER = YES;
				CLANG_WARN_RANGE_LOOP_ANALYSIS = YES;
				CLANG_WARN_STRICT_PROTOTYPES = YES;
				CLANG_WARN_SUSPICIOUS_MOVE = YES;
				CLANG_WARN_UNGUARDED_AVAILABILITY = YES_AGGRESSIVE;
				CLANG_WARN_UNREACHABLE_CODE = YES;
				CLANG_WARN__DUPLICATE_METHOD_MATCH = YES;
				CODE_SIGN_IDENTITY = "iPhone Developer";
				COPY_PHASE_STRIP = NO;
				DEBUG_INFORMATION_FORMAT = dwarf;
				DEVELOPMENT_TEAM = JPTS6M4T5B;
				ENABLE_STRICT_OBJC_MSGSEND = YES;
				ENABLE_TESTABILITY = YES;
				ENABLE_USER_SCRIPT_SANDBOXING = YES;
				GCC_C_LANGUAGE_STANDARD = gnu11;
				GCC_DYNAMIC_NO_PIC = NO;
				GCC_NO_COMMON_BLOCKS = YES;
				GCC_OPTIMIZATION_LEVEL = 0;
				GCC_PREPROCESSOR_DEFINITIONS = (
					"$(inherited)",
					"DEBUG=1",
				);
				GCC_WARN_64_TO_32_BIT_CONVERSION = YES;
				GCC_WARN_ABOUT_RETURN_TYPE = YES_ERROR;
				GCC_WARN_UNDECLARED_SELECTOR = YES;
				GCC_WARN_UNINITIALIZED_AUTOS = YES_AGGRESSIVE;
				GCC_WARN_UNUSED_FUNCTION = YES;
				GCC_WARN_UNUSED_VARIABLE = YES;
				IPHONEOS_DEPLOYMENT_TARGET = 16.0;
				MTL_ENABLE_DEBUG_INFO = INCLUDE_SOURCE;
				MTL_FAST_MATH = YES;
				ONLY_ACTIVE_ARCH = YES;
				PRODUCT_NAME = "$(TARGET_NAME)";
				SDKROOT = iphoneos;
				STRING_CATALOG_GENERATE_SYMBOLS = YES;
				SWIFT_ACTIVE_COMPILATION_CONDITIONS = DEBUG;
				SWIFT_OPTIMIZATION_LEVEL = "-Onone";
				SWIFT_VERSION = 5.0;
				TARGETED_DEVICE_FAMILY = 1;
			};
			name = Debug;
		};
		2FD18B03EDD111FCCEE814CD /* Release */ = {
			isa = XCBuildConfiguration;
			buildSettings = {
				ASSETCATALOG_COMPILER_APPICON_NAME = AppIcon;
				CODE_SIGN_ENTITLEMENTS = AfterglowKeep/NightChat.entitlements;
				CODE_SIGN_IDENTITY = "iPhone Developer";
				CURRENT_PROJECT_VERSION = 1;
				GENERATE_INFOPLIST_FILE = NO;
				INFOPLIST_FILE = AfterglowKeep/Info.plist;
				INFOPLIST_KEY_CFBundleDisplayName = NightChat;
				INFOPLIST_KEY_UILaunchStoryboardName = LaunchScreen;
				INFOPLIST_KEY_UISupportedInterfaceOrientations = UIInterfaceOrientationPortrait;
				LD_RUNPATH_SEARCH_PATHS = (
					"$(inherited)",
					"@executable_path/Frameworks",
				);
				MARKETING_VERSION = 1.0;
				PRODUCT_BUNDLE_IDENTIFIER = com.lampdesk.afterhours;
				PRODUCT_NAME = NightChat;
				SDKROOT = iphoneos;
				SUPPORTS_MACCATALYST = NO;
				SWIFT_EMIT_LOC_STRINGS = NO;
				TARGETED_DEVICE_FAMILY = 1;
			};
			name = Release;
		};
		46FA5E5C469FCD1E86B1E7EA /* Release */ = {
			isa = XCBuildConfiguration;
			buildSettings = {
				ALWAYS_SEARCH_USER_PATHS = NO;
				CLANG_ANALYZER_NONNULL = YES;
				CLANG_ANALYZER_NUMBER_OBJECT_CONVERSION = YES_AGGRESSIVE;
				CLANG_CXX_LANGUAGE_STANDARD = "gnu++14";
				CLANG_CXX_LIBRARY = "libc++";
				CLANG_ENABLE_MODULES = YES;
				CLANG_ENABLE_OBJC_ARC = YES;
				CLANG_ENABLE_OBJC_WEAK = YES;
				CLANG_WARN_BLOCK_CAPTURE_AUTORELEASING = YES;
				CLANG_WARN_BOOL_CONVERSION = YES;
				CLANG_WARN_COMMA = YES;
				CLANG_WARN_CONSTANT_CONVERSION = YES;
				CLANG_WARN_DEPRECATED_OBJC_IMPLEMENTATIONS = YES;
				CLANG_WARN_DIRECT_OBJC_ISA_USAGE = YES_ERROR;
				CLANG_WARN_DOCUMENTATION_COMMENTS = YES;
				CLANG_WARN_EMPTY_BODY = YES;
				CLANG_WARN_ENUM_CONVERSION = YES;
				CLANG_WARN_INFINITE_RECURSION = YES;
				CLANG_WARN_INT_CONVERSION = YES;
				CLANG_WARN_NON_LITERAL_NULL_CONVERSION = YES;
				CLANG_WARN_OBJC_IMPLICIT_RETAIN_SELF = YES;
				CLANG_WARN_OBJC_LITERAL_CONVERSION = YES;
				CLANG_WARN_OBJC_ROOT_CLASS = YES_ERROR;
				CLANG_WARN_QUOTED_INCLUDE_IN_FRAMEWORK_HEADER = YES;
				CLANG_WARN_RANGE_LOOP_ANALYSIS = YES;
				CLANG_WARN_STRICT_PROTOTYPES = YES;
				CLANG_WARN_SUSPICIOUS_MOVE = YES;
				CLANG_WARN_UNGUARDED_AVAILABILITY = YES_AGGRESSIVE;
				CLANG_WARN_UNREACHABLE_CODE = YES;
				CLANG_WARN__DUPLICATE_METHOD_MATCH = YES;
				CODE_SIGN_IDENTITY = "iPhone Developer";
				COPY_PHASE_STRIP = NO;
				DEBUG_INFORMATION_FORMAT = "dwarf-with-dsym";
				DEVELOPMENT_TEAM = JPTS6M4T5B;
				ENABLE_NS_ASSERTIONS = NO;
				ENABLE_STRICT_OBJC_MSGSEND = YES;
				ENABLE_USER_SCRIPT_SANDBOXING = YES;
				GCC_C_LANGUAGE_STANDARD = gnu11;
				GCC_NO_COMMON_BLOCKS = YES;
				GCC_WARN_64_TO_32_BIT_CONVERSION = YES;
				GCC_WARN_ABOUT_RETURN_TYPE = YES_ERROR;
				GCC_WARN_UNDECLARED_SELECTOR = YES;
				GCC_WARN_UNINITIALIZED_AUTOS = YES_AGGRESSIVE;
				GCC_WARN_UNUSED_FUNCTION = YES;
				GCC_WARN_UNUSED_VARIABLE = YES;
				IPHONEOS_DEPLOYMENT_TARGET = 16.0;
				MTL_ENABLE_DEBUG_INFO = NO;
				MTL_FAST_MATH = YES;
				PRODUCT_NAME = "$(TARGET_NAME)";
				SDKROOT = iphoneos;
				STRING_CATALOG_GENERATE_SYMBOLS = YES;
				SWIFT_COMPILATION_MODE = wholemodule;
				SWIFT_OPTIMIZATION_LEVEL = "-O";
				SWIFT_VERSION = 5.0;
				TARGETED_DEVICE_FAMILY = 1;
			};
			name = Release;
		};
		617136F4418D3F2E28B4A502 /* Debug */ = {
			isa = XCBuildConfiguration;
			buildSettings = {
				ASSETCATALOG_COMPILER_APPICON_NAME = AppIcon;
				CODE_SIGN_ENTITLEMENTS = AfterglowKeep/NightChat.entitlements;
				CODE_SIGN_IDENTITY = "iPhone Developer";
				CURRENT_PROJECT_VERSION = 1;
				GENERATE_INFOPLIST_FILE = NO;
				INFOPLIST_FILE = AfterglowKeep/Info.plist;
				INFOPLIST_KEY_CFBundleDisplayName = NightChat;
				INFOPLIST_KEY_UILaunchStoryboardName = LaunchScreen;
				INFOPLIST_KEY_UISupportedInterfaceOrientations = UIInterfaceOrientationPortrait;
				LD_RUNPATH_SEARCH_PATHS = (
					"$(inherited)",
					"@executable_path/Frameworks",
				);
				MARKETING_VERSION = 1.0;
				PRODUCT_BUNDLE_IDENTIFIER = com.lampdesk.afterhours;
				PRODUCT_NAME = NightChat;
				SDKROOT = iphoneos;
				SUPPORTS_MACCATALYST = NO;
				SWIFT_EMIT_LOC_STRINGS = NO;
				TARGETED_DEVICE_FAMILY = 1;
			};
			name = Debug;
		};
/* End XCBuildConfiguration section */

/* Begin XCConfigurationList section */
		61B1542E5CE160CB477EE986 /* Build configuration list for PBXNativeTarget "NightChat" */ = {
			isa = XCConfigurationList;
			buildConfigurations = (
				617136F4418D3F2E28B4A502 /* Debug */,
				2FD18B03EDD111FCCEE814CD /* Release */,
			);
			defaultConfigurationIsVisible = 0;
			defaultConfigurationName = Debug;
		};
		AE4C8C3562458E938F04D38F /* Build configuration list for PBXProject "NightChat" */ = {
			isa = XCConfigurationList;
			buildConfigurations = (
				18D041C046E75AC66E922F63 /* Debug */,
				46FA5E5C469FCD1E86B1E7EA /* Release */,
			);
			defaultConfigurationIsVisible = 0;
			defaultConfigurationName = Debug;
		};
/* End XCConfigurationList section */
	};
	rootObject = 5A840C65A01628F4DEEFE25C /* Project object */;
}
